// !$*UTF8*$!
{
	archiveVersion = 1;
	classes = {
	};
	objectVersion = 50;
	objects = {

/* Begin PBXBuildFile section */
		9578C400212EC2D500AADDCF /* GoogleService-Info.plist in Resources */ = {isa = PBXBuildFile; fileRef = 9578C3FF212EC2D500AADDCF /* GoogleService-Info.plist */; };
		95A4DAD3210834DF00787B50 /* AppDelegate.swift in Sources */ = {isa = PBXBuildFile; fileRef = 95A4DAD2210834DF00787B50 /* AppDelegate.swift */; };
		95A4DAD5210834E000787B50 /* ViewController.swift in Sources */ = {isa = PBXBuildFile; fileRef = 95A4DAD4210834E000787B50 /* ViewController.swift */; };
		95A4DAD8210834E000787B50 /* Main.storyboard in Resources */ = {isa = PBXBuildFile; fileRef = 95A4DAD6210834E000787B50 /* Main.storyboard */; };
		95A4DADA210834E200787B50 /* Assets.xcassets in Resources */ = {isa = PBXBuildFile; fileRef = 95A4DAD9210834E200787B50 /* Assets.xcassets */; };
		95A4DADD210834E200787B50 /* LaunchScreen.storyboard in Resources */ = {isa = PBXBuildFile; fileRef = 95A4DADB210834E200787B50 /* LaunchScreen.storyboard */; };
		95A4DAE8210834E200787B50 /* ExpensesTests.swift in Sources */ = {isa = PBXBuildFile; fileRef = 95A4DAE7210834E200787B50 /* ExpensesTests.swift */; };
		95A4DAF72108442C00787B50 /* GrocceryListViewController.swift in Sources */ = {isa = PBXBuildFile; fileRef = 95A4DAF62108442C00787B50 /* GrocceryListViewController.swift */; };
		BD8375311E7FB72C48B41BFB /* Pods_Expenses.framework in Frameworks */ = {isa = PBXBuildFile; fileRef = A58B633FC81EEC544013CBFA /* Pods_Expenses.framework */; };
/* End PBXBuildFile section */

/* Begin PBXContainerItemProxy section */
		95A4DAE4210834E200787B50 /* PBXContainerItemProxy */ = {
			isa = PBXContainerItemProxy;
			containerPortal = 95A4DAC7210834DF00787B50 /* Project object */;
			proxyType = 1;
			remoteGlobalIDString = 95A4DACE210834DF00787B50;
			remoteInfo = Expenses;
		};
/* End PBXContainerItemProxy section */

/* Begin PBXFileReference section */
		6AE5E03E62E9900493688490 /* Pods-Expenses.debug.xcconfig */ = {isa = PBXFileReference; includeInIndex = 1; lastKnownFileType = text.xcconfig; name = "Pods-Expenses.debug.xcconfig"; path = "Pods/Target Support Files/Pods-Expenses/Pods-Expenses.debug.xcconfig"; sourceTree = "<group>"; };
		87A86C80DCBCB9C8105AC8FF /* Pods-Expenses.release.xcconfig */ = {isa = PBXFileReference; includeInIndex = 1; lastKnownFileType = text.xcconfig; name = "Pods-Expenses.release.xcconfig"; path = "Pods/Target Support Files/Pods-Expenses/Pods-Expenses.release.xcconfig"; sourceTree = "<group>"; };
		9578C3FF212EC2D500AADDCF /* GoogleService-Info.plist */ = {isa = PBXFileReference; fileEncoding = 4; lastKnownFileType = text.plist.xml; path = "GoogleService-Info.plist"; sourceTree = SOURCE_ROOT; };
		95A4DACF210834DF00787B50 /* Expenses.app */ = {isa = PBXFileReference; explicitFileType = wrapper.application; includeInIndex = 0; path = Expenses.app; sourceTree = BUILT_PRODUCTS_DIR; };
		95A4DAD2210834DF00787B50 /* AppDelegate.swift */ = {isa = PBXFileReference; lastKnownFileType = sourcecode.swift; path = AppDelegate.swift; sourceTree = "<group>"; };
		95A4DAD4210834E000787B50 /* ViewController.swift */ = {isa = PBXFileReference; lastKnownFileType = sourcecode.swift; path = ViewController.swift; sourceTree = "<group>"; };
		95A4DAD7210834E000787B50 /* Base */ = {isa = PBXFileReference; lastKnownFileType = file.storyboard; name = Base; path = Base.lproj/Main.storyboard; sourceTree = "<group>"; };
		95A4DAD9210834E200787B50 /* Assets.xcassets */ = {isa = PBXFileReference; lastKnownFileType = folder.assetcatalog; path = Assets.xcassets; sourceTree = "<group>"; };
		95A4DADC210834E200787B50 /* Base */ = {isa = PBXFileReference; lastKnownFileType = file.storyboard; name = Base; path = Base.lproj/LaunchScreen.storyboard; sourceTree = "<group>"; };
		95A4DADE210834E200787B50 /* Info.plist */ = {isa = PBXFileReference; lastKnownFileType = text.plist.xml; path = Info.plist; sourceTree = "<group>"; };
		95A4DAE3210834E200787B50 /* ExpensesTests.xctest */ = {isa = PBXFileReference; explicitFileType = wrapper.cfbundle; includeInIndex = 0; path = ExpensesTests.xctest; sourceTree = BUILT_PRODUCTS_DIR; };
		95A4DAE7210834E200787B50 /* ExpensesTests.swift */ = {isa = PBXFileReference; lastKnownFileType = sourcecode.swift; path = ExpensesTests.swift; sourceTree = "<group>"; };
		95A4DAE9210834E200787B50 /* Info.plist */ = {isa = PBXFileReference; lastKnownFileType = text.plist.xml; path = Info.plist; sourceTree = "<group>"; };
		95A4DAF62108442C00787B50 /* GrocceryListViewController.swift */ = {isa = PBXFileReference; lastKnownFileType = sourcecode.swift; path = GrocceryListViewController.swift; sourceTree = "<group>"; };
		A58B633FC81EEC544013CBFA /* Pods_Expenses.framework */ = {isa = PBXFileReference; explicitFileType = wrapper.framework; includeInIndex = 0; path = Pods_Expenses.framework; sourceTree = BUILT_PRODUCTS_DIR; };
/* End PBXFileReference section */

/* Begin PBXFrameworksBuildPhase section */
		95A4DACC210834DF00787B50 /* Frameworks */ = {
			isa = PBXFrameworksBuildPhase;
			buildActionMask = 2147483647;
			files = (
				BD8375311E7FB72C48B41BFB /* Pods_Expenses.framework in Frameworks */,
			);
			runOnlyForDeploymentPostprocessing = 0;
		};
		95A4DAE0210834E200787B50 /* Frameworks */ = {
			isa = PBXFrameworksBuildPhase;
			buildActionMask = 2147483647;
			files = (
			);
			runOnlyForDeploymentPostprocessing = 0;
		};
/* End PBXFrameworksBuildPhase section */

/* Begin PBXGroup section */
		95A4DAC6210834DF00787B50 = {
			isa = PBXGroup;
			children = (
				95A4DAD1210834DF00787B50 /* Expenses */,
				95A4DAE6210834E200787B50 /* ExpensesTests */,
				95A4DAD0210834DF00787B50 /* Products */,
				D2DCAE678EBE280B3B868EC7 /* Pods */,
				E017AF8F7FB599B1150E373F /* Frameworks */,
			);
			sourceTree = "<group>";
		};
		95A4DAD0210834DF00787B50 /* Products */ = {
			isa = PBXGroup;
			children = (
				95A4DACF210834DF00787B50 /* Expenses.app */,
				95A4DAE3210834E200787B50 /* ExpensesTests.xctest */,
			);
			name = Products;
			sourceTree = "<group>";
		};
		95A4DAD1210834DF00787B50 /* Expenses */ = {
			isa = PBXGroup;
			children = (
				9578C3FF212EC2D500AADDCF /* GoogleService-Info.plist */,
				95A4DAD2210834DF00787B50 /* AppDelegate.swift */,
				95A4DAD4210834E000787B50 /* ViewController.swift */,
				95A4DAD6210834E000787B50 /* Main.storyboard */,
				95A4DAD9210834E200787B50 /* Assets.xcassets */,
				95A4DADB210834E200787B50 /* LaunchScreen.storyboard */,
				95A4DADE210834E200787B50 /* Info.plist */,
				95A4DAF62108442C00787B50 /* GrocceryListViewController.swift */,
			);
			path = Expenses;
			sourceTree = "<group>";
		};
		95A4DAE6210834E200787B50 /* ExpensesTests */ = {
			isa = PBXGroup;
			children = (
				95A4DAE7210834E200787B50 /* ExpensesTests.swift */,
				95A4DAE9210834E200787B50 /* Info.plist */,
			);
			path = ExpensesTests;
			sourceTree = "<group>";
		};
		D2DCAE678EBE280B3B868EC7 /* Pods */ = {
			isa = PBXGroup;
			children = (
				6AE5E03E62E9900493688490 /* Pods-Expenses.debug.xcconfig */,
				87A86C80DCBCB9C8105AC8FF /* Pods-Expenses.release.xcconfig */,
			);
			name = Pods;
			sourceTree = "<group>";
		};
		E017AF8F7FB599B1150E373F /* Frameworks */ = {
			isa = PBXGroup;
			children = (
				A58B633FC81EEC544013CBFA /* Pods_Expenses.framework */,
			);
			name = Frameworks;
			sourceTree = "<group>";
		};
/* End PBXGroup section */

/* Begin PBXNativeTarget section */
		95A4DACE210834DF00787B50 /* Expenses */ = {
			isa = PBXNativeTarget;
			buildConfigurationList = 95A4DAEC210834E200787B50 /* Build configuration list for PBXNativeTarget "Expenses" */;
			buildPhases = (
				46F777103E079150BA6B7229 /* [CP] Check Pods Manifest.lock */,
				95A4DACB210834DF00787B50 /* Sources */,
				95A4DACC210834DF00787B50 /* Frameworks */,
				95A4DACD210834DF00787B50 /* Resources */,
				65A05D57506379A945536482 /* [CP] Embed Pods Frameworks */,
			);
			buildRules = (
			);
			dependencies = (
			);
			name = Expenses;
			productName = Expenses;
			productReference = 95A4DACF210834DF00787B50 /* Expenses.app */;
			productType = "com.apple.product-type.application";
		};
		95A4DAE2210834E200787B50 /* ExpensesTests */ = {
			isa = PBXNativeTarget;
			buildConfigurationList = 95A4DAEF210834E200787B50 /* Build configuration list for PBXNativeTarget "ExpensesTests" */;
			buildPhases = (
				95A4DADF210834E200787B50 /* Sources */,
				95A4DAE0210834E200787B50 /* Frameworks */,
				95A4DAE1210834E200787B50 /* Resources */,
			);
			buildRules = (
			);
			dependencies = (
				95A4DAE5210834E200787B50 /* PBXTargetDependency */,
			);
			name = ExpensesTests;
			productName = ExpensesTests;
			productReference = 95A4DAE3210834E200787B50 /* ExpensesTests.xctest */;
			productType = "com.apple.product-type.bundle.unit-test";
		};
/* End PBXNativeTarget section */

/* Begin PBXProject section */
		95A4DAC7210834DF00787B50 /* Project object */ = {
			isa = PBXProject;
			attributes = {
				LastSwiftUpdateCheck = 0930;
				LastUpgradeCheck = 0930;
				ORGANIZATIONNAME = Philips;
				TargetAttributes = {
					95A4DACE210834DF00787B50 = {
						CreatedOnToolsVersion = 9.3;
					};
					95A4DAE2210834E200787B50 = {
						CreatedOnToolsVersion = 9.3;
						TestTargetID = 95A4DACE210834DF00787B50;
					};
				};
			};
			buildConfigurationList = 95A4DACA210834DF00787B50 /* Build configuration list for PBXProject "Expenses" */;
			compatibilityVersion = "Xcode 9.3";
			developmentRegion = en;
			hasScannedForEncodings = 0;
			knownRegions = (
				en,
				Base,
			);
			mainGroup = 95A4DAC6210834DF00787B50;
			productRefGroup = 95A4DAD0210834DF00787B50 /* Products */;
			projectDirPath = "";
			projectRoot = "";
			targets = (
				95A4DACE210834DF00787B50 /* Expenses */,
				95A4DAE2210834E200787B50 /* ExpensesTests */,
			);
		};
/* End PBXProject section */

/* Begin PBXResourcesBuildPhase section */
		95A4DACD210834DF00787B50 /* Resources */ = {
			isa = PBXResourcesBuildPhase;
			buildActionMask = 2147483647;
			files = (
				95A4DADD210834E200787B50 /* LaunchScreen.storyboard in Resources */,
				9578C400212EC2D500AADDCF /* GoogleService-Info.plist in Resources */,
				95A4DADA210834E200787B50 /* Assets.xcassets in Resources */,
				95A4DAD8210834E000787B50 /* Main.storyboard in Resources */,
			);
			runOnlyForDeploymentPostprocessing = 0;
		};
		95A4DAE1210834E200787B50 /* Resources */ = {
			isa = PBXResourcesBuildPhase;
			buildActionMask = 2147483647;
			files = (
			);
			runOnlyForDeploymentPostprocessing = 0;
		};
/* End PBXResourcesBuildPhase section */

/* Begin PBXShellScriptBuildPhase section */
		46F777103E079150BA6B7229 /* [CP] Check Pods Manifest.lock */ = {
			isa = PBXShellScriptBuildPhase;
			buildActionMask = 2147483647;
			files = (
			);
			inputPaths = (
				"${PODS_PODFILE_DIR_PATH}/Podfile.lock",
				"${PODS_ROOT}/Manifest.lock",
			);
			name = "[CP] Check Pods Manifest.lock";
			outputPaths = (
				"$(DERIVED_FILE_DIR)/Pods-Expenses-checkManifestLockResult.txt",
			);
			runOnlyForDeploymentPostprocessing = 0;
			shellPath = /bin/sh;
			shellScript = "diff \"${PODS_PODFILE_DIR_PATH}/Podfile.lock\" \"${PODS_ROOT}/Manifest.lock\" > /dev/null\nif [ $? != 0 ] ; then\n    # print error to STDERR\n    echo \"error: The sandbox is not in sync with the Podfile.lock. Run 'pod install' or update your CocoaPods installation.\" >&2\n    exit 1\nfi\n# This output is used by Xcode 'outputs' to avoid re-running this script phase.\necho \"SUCCESS\" > \"${SCRIPT_OUTPUT_FILE_0}\"\n";
			showEnvVarsInLog = 0;
		};
		65A05D57506379A945536482 /* [CP] Embed Pods Frameworks */ = {
			isa = PBXShellScriptBuildPhase;
			buildActionMask = 2147483647;
			files = (
			);
			inputPaths = (
				"${SRCROOT}/Pods/Target Support Files/Pods-Expenses/Pods-Expenses-frameworks.sh",
				"${BUILT_PRODUCTS_DIR}/GTMSessionFetcher/GTMSessionFetcher.framework",
				"${BUILT_PRODUCTS_DIR}/GoogleToolboxForMac/GoogleToolboxForMac.framework",
				"${BUILT_PRODUCTS_DIR}/leveldb-library/leveldb.framework",
				"${BUILT_PRODUCTS_DIR}/nanopb/nanopb.framework",
			);
			name = "[CP] Embed Pods Frameworks";
			outputPaths = (
				"${TARGET_BUILD_DIR}/${FRAMEWORKS_FOLDER_PATH}/GTMSessionFetcher.framework",
				"${TARGET_BUILD_DIR}/${FRAMEWORKS_FOLDER_PATH}/GoogleToolboxForMac.framework",
				"${TARGET_BUILD_DIR}/${FRAMEWORKS_FOLDER_PATH}/leveldb.framework",
				"${TARGET_BUILD_DIR}/${FRAMEWORKS_FOLDER_PATH}/nanopb.framework",
			);
			runOnlyForDeploymentPostprocessing = 0;
			shellPath = /bin/sh;
			shellScript = "\"${SRCROOT}/Pods/Target Support Files/Pods-Expenses/Pods-Expenses-frameworks.sh\"\n";
			showEnvVarsInLog = 0;
		};
/* End PBXShellScriptBuildPhase section */

/* Begin PBXSourcesBuildPhase section */
		95A4DACB210834DF00787B50 /* Sources */ = {
			isa = PBXSourcesBuildPhase;
			buildActionMask = 2147483647;
			files = (
				95A4DAD5210834E000787B50 /* ViewController.swift in Sources */,
				95A4DAF72108442C00787B50 /* GrocceryListViewController.swift in Sources */,
				95A4DAD3210834DF00787B50 /* AppDelegate.swift in Sources */,
			);
			runOnlyForDeploymentPostprocessing = 0;
		};
		95A4DADF210834E200787B50 /* Sources */ = {
			isa = PBXSourcesBuildPhase;
			buildActionMask = 2147483647;
			files = (
				95A4DAE8210834E200787B50 /* ExpensesTests.swift in Sources */,
			);
			runOnlyForDeploymentPostprocessing = 0;
		};
/* End PBXSourcesBuildPhase section */

/* Begin PBXTargetDependency section */
		95A4DAE5210834E200787B50 /* PBXTargetDependency */ = {
			isa = PBXTargetDependency;
			target = 95A4DACE210834DF00787B50 /* Expenses */;
			targetProxy = 95A4DAE4210834E200787B50 /* PBXContainerItemProxy */;
		};
/* End PBXTargetDependency section */

/* Begin PBXVariantGroup section */
		95A4DAD6210834E000787B50 /* Main.storyboard */ = {
			isa = PBXVariantGroup;
			children = (
				95A4DAD7210834E000787B50 /* Base */,
			);
			name = Main.storyboard;
			sourceTree = "<group>";
		};
		95A4DADB210834E200787B50 /* LaunchScreen.storyboard */ = {
			isa = PBXVariantGroup;
			children = (
				95A4DADC210834E200787B50 /* Base */,
			);
			name = LaunchScreen.storyboard;
			sourceTree = "<group>";
		};
/* End PBXVariantGroup section */

/* Begin XCBuildConfiguration section */
		95A4DAEA210834E200787B50 /* Debug */ = {
			isa = XCBuildConfiguration;
			buildSettings = {
				ALWAYS_SEARCH_USER_PATHS = NO;
				CLANG_ANALYZER_NONNULL = YES;
				CLANG_ANALYZER_NUMBER_OBJECT_CONVERSION = YES_AGGRESSIVE;
				CLANG_CXX_LANGUAGE_STANDARD = "gnu++14";
				CLANG_CXX_LIBRARY = "libc++";
				CLANG_ENABLE_MODULES = YES;
				CLANG_ENABLE_OBJC_ARC = YES;
				CLANG_ENABLE_OBJC_WEAK = YES;
				CLANG_WARN_BLOCK_CAPTURE_AUTORELEASING = YES;
				CLANG_WARN_BOOL_CONVERSION = YES;
				CLANG_WARN_COMMA = YES;
				CLANG_WARN_CONSTANT_CONVERSION = YES;
				CLANG_WARN_DEPRECATED_OBJC_IMPLEMENTATIONS = YES;
				CLANG_WARN_DIRECT_OBJC_ISA_USAGE = YES_ERROR;
				CLANG_WARN_DOCUMENTATION_COMMENTS = YES;
				CLANG_WARN_EMPTY_BODY = YES;
				CLANG_WARN_ENUM_CONVERSION = YES;
				CLANG_WARN_INFINITE_RECURSION = YES;
				CLANG_WARN_INT_CONVERSION = YES;
				CLANG_WARN_NON_LITERAL_NULL_CONVERSION = YES;
				CLANG_WARN_OBJC_IMPLICIT_RETAIN_SELF = YES;
				CLANG_WARN_OBJC_LITERAL_CONVERSION = YES;
				CLANG_WARN_OBJC_ROOT_CLASS = YES_ERROR;
				CLANG_WARN_RANGE_LOOP_ANALYSIS = YES;
				CLANG_WARN_STRICT_PROTOTYPES = YES;
				CLANG_WARN_SUSPICIOUS_MOVE = YES;
				CLANG_WARN_UNGUARDED_AVAILABILITY = YES_AGGRESSIVE;
				CLANG_WARN_UNREACHABLE_CODE = YES;
				CLANG_WARN__DUPLICATE_METHOD_MATCH = YES;
				CODE_SIGN_IDENTITY = "iPhone Developer";
				COPY_PHASE_STRIP = NO;
				DEBUG_INFORMATION_FORMAT = dwarf;
				ENABLE_STRICT_OBJC_MSGSEND = YES;
				ENABLE_TESTABILITY = YES;
				GCC_C_LANGUAGE_STANDARD = gnu11;
				GCC_DYNAMIC_NO_PIC = NO;
				GCC_NO_COMMON_BLOCKS = YES;
				GCC_OPTIMIZATION_LEVEL = 0;
				GCC_PREPROCESSOR_DEFINITIONS = (
					"DEBUG=1",
					"$(inherited)",
				);
				GCC_WARN_64_TO_32_BIT_CONVERSION = YES;
				GCC_WARN_ABOUT_RETURN_TYPE = YES_ERROR;
				GCC_WARN_UNDECLARED_SELECTOR = YES;
				GCC_WARN_UNINITIALIZED_AUTOS = YES_AGGRESSIVE;
				GCC_WARN_UNUSED_FUNCTION = YES;
				GCC_WARN_UNUSED_VARIABLE = YES;
				IPHONEOS_DEPLOYMENT_TARGET = 11.3;
				MTL_ENABLE_DEBUG_INFO = YES;
				ONLY_ACTIVE_ARCH = YES;
				SDKROOT = iphoneos;
				SWIFT_ACTIVE_COMPILATION_CONDITIONS = DEBUG;
				SWIFT_OPTIMIZATION_LEVEL = "-Onone";
			};
			name = Debug;
		};
		95A4DAEB210834E200787B50 /* Release */ = {
			isa = XCBuildConfiguration;
			buildSettings = {
				ALWAYS_SEARCH_USER_PATHS = NO;
				CLANG_ANALYZER_NONNULL = YES;
				CLANG_ANALYZER_NUMBER_OBJECT_CONVERSION = YES_AGGRESSIVE;
				CLANG_CXX_LANGUAGE_STANDARD = "gnu++14";
				CLANG_CXX_LIBRARY = "libc++";
				CLANG_ENABLE_MODULES = YES;
				CLANG_ENABLE_OBJC_ARC = YES;
				CLANG_ENABLE_OBJC_WEAK = YES;
				CLANG_WARN_BLOCK_CAPTURE_AUTORELEASING = YES;
				CLANG_WARN_BOOL_CONVERSION = YES;
				CLANG_WARN_COMMA = YES;
				CLANG_WARN_CONSTANT_CONVERSION = YES;
				CLANG_WARN_DEPRECATED_OBJC_IMPLEMENTATIONS = YES;
				CLANG_WARN_DIRECT_OBJC_ISA_USAGE = YES_ERROR;
				CLANG_WARN_DOCUMENTATION_COMMENTS = YES;
				CLANG_WARN_EMPTY_BODY = YES;
				CLANG_WARN_ENUM_CONVERSION = YES;
				CLANG_WARN_INFINITE_RECURSION = YES;
				CLANG_WARN_INT_CONVERSION = YES;
				CLANG_WARN_NON_LITERAL_NULL_CONVERSION = YES;
				CLANG_WARN_OBJC_IMPLICIT_RETAIN_SELF = YES;
				CLANG_WARN_OBJC_LITERAL_CONVERSION = YES;
				CLANG_WARN_OBJC_ROOT_CLASS = YES_ERROR;
				CLANG_WARN_RANGE_LOOP_ANALYSIS = YES;
				CLANG_WARN_STRICT_PROTOTYPES = YES;
				CLANG_WARN_SUSPICIOUS_MOVE = YES;
				CLANG_WARN_UNGUARDED_AVAILABILITY = YES_AGGRESSIVE;
				CLANG_WARN_UNREACHABLE_CODE = YES;
				CLANG_WARN__DUPLICATE_METHOD_MATCH = YES;
				CODE_SIGN_IDENTITY = "iPhone Developer";
				COPY_PHASE_STRIP = NO;
				DEBUG_INFORMATION_FORMAT = "dwarf-with-dsym";
				ENABLE_NS_ASSERTIONS = NO;
				ENABLE_STRICT_OBJC_MSGSEND = YES;
				GCC_C_LANGUAGE_STANDARD = gnu11;
				GCC_NO_COMMON_BLOCKS = YES;
				GCC_WARN_64_TO_32_BIT_CONVERSION = YES;
				GCC_WARN_ABOUT_RETURN_TYPE = YES_ERROR;
				GCC_WARN_UNDECLARED_SELECTOR = YES;
				GCC_WARN_UNINITIALIZED_AUTOS = YES_AGGRESSIVE;
				GCC_WARN_UNUSED_FUNCTION = YES;
				GCC_WARN_UNUSED_VARIABLE = YES;
				IPHONEOS_DEPLOYMENT_TARGET = 11.3;
				MTL_ENABLE_DEBUG_INFO = NO;
				SDKROOT = iphoneos;
				SWIFT_COMPILATION_MODE = wholemodule;
				SWIFT_OPTIMIZATION_LEVEL = "-O";
				VALIDATE_PRODUCT = YES;
			};
			name = Release;
		};
		95A4DAED210834E200787B50 /* Debug */ = {
			isa = XCBuildConfiguration;
			baseConfigurationReference = 6AE5E03E62E9900493688490 /* Pods-Expenses.debug.xcconfig */;
			buildSettings = {
				ASSETCATALOG_COMPILER_APPICON_NAME = AppIcon;
				CODE_SIGN_STYLE = Automatic;
				DEVELOPMENT_TEAM = 7YY4NV42A9;
				INFOPLIST_FILE = Expenses/Info.plist;
				LD_RUNPATH_SEARCH_PATHS = (
					"$(inherited)",
					"@executable_path/Frameworks",
				);
				PRODUCT_BUNDLE_IDENTIFIER = com.philips.Expenses;
				PRODUCT_NAME = "$(TARGET_NAME)";
				SWIFT_VERSION = 4.0;
				TARGETED_DEVICE_FAMILY = "1,2";
			};
			name = Debug;
		};
		95A4DAEE210834E200787B50 /* Release */ = {
			isa = XCBuildConfiguration;
			baseConfigurationReference = 87A86C80DCBCB9C8105AC8FF /* Pods-Expenses.release.xcconfig */;
			buildSettings = {
				ASSETCATALOG_COMPILER_APPICON_NAME = AppIcon;
				CODE_SIGN_STYLE = Automatic;
				DEVELOPMENT_TEAM = 7YY4NV42A9;
				INFOPLIST_FILE = Expenses/Info.plist;
				LD_RUNPATH_SEARCH_PATHS = (
					"$(inherited)",
					"@executable_path/Frameworks",
				);
				PRODUCT_BUNDLE_IDENTIFIER = com.philips.Expenses;
				PRODUCT_NAME = "$(TARGET_NAME)";
				SWIFT_VERSION = 4.0;
				TARGETED_DEVICE_FAMILY = "1,2";
			};
			name = Release;
		};
		95A4DAF0210834E200787B50 /* Debug */ = {
			isa = XCBuildConfiguration;
			buildSettings = {
				ALWAYS_EMBED_SWIFT_STANDARD_LIBRARIES = YES;
				BUNDLE_LOADER = "$(TEST_HOST)";
				CODE_SIGN_STYLE = Automatic;
				DEVELOPMENT_TEAM = 7YY4NV42A9;
				INFOPLIST_FILE = ExpensesTests/Info.plist;
				LD_RUNPATH_SEARCH_PATHS = (
					"$(inherited)",
					"@executable_path/Frameworks",
					"@loader_path/Frameworks",
				);
				PRODUCT_BUNDLE_IDENTIFIER = com.philips..ExpensesTests;
				PRODUCT_NAME = "$(TARGET_NAME)";
				SWIFT_VERSION = 4.0;
				TARGETED_DEVICE_FAMILY = "1,2";
				TEST_HOST = "$(BUILT_PRODUCTS_DIR)/Expenses.app/Expenses";
			};
			name = Debug;
		};
		95A4DAF1210834E200787B50 /* Release */ = {
			isa = XCBuildConfiguration;
			buildSettings = {
				ALWAYS_EMBED_SWIFT_STANDARD_LIBRARIES = YES;
				BUNDLE_LOADER = "$(TEST_HOST)";
				CODE_SIGN_STYLE = Automatic;
				DEVELOPMENT_TEAM = 7YY4NV42A9;
				INFOPLIST_FILE = ExpensesTests/Info.plist;
				LD_RUNPATH_SEARCH_PATHS = (
					"$(inherited)",
					"@executable_path/Frameworks",
					"@loader_path/Frameworks",
				);
				PRODUCT_BUNDLE_IDENTIFIER = com.philips..ExpensesTests;
				PRODUCT_NAME = "$(TARGET_NAME)";
				SWIFT_VERSION = 4.0;
				TARGETED_DEVICE_FAMILY = "1,2";
				TEST_HOST = "$(BUILT_PRODUCTS_DIR)/Expenses.app/Expenses";
			};
			name = Release;
		};
/* End XCBuildConfiguration section */

/* Begin XCConfigurationList section */
		95A4DACA210834DF00787B50 /* Build configuration list for PBXProject "Expenses" */ = {
			isa = XCConfigurationList;
			buildConfigurations = (
				95A4DAEA210834E200787B50 /* Debug */,
				95A4DAEB210834E200787B50 /* Release */,
			);
			defaultConfigurationIsVisible = 0;
			defaultConfigurationName = Release;
		};
		95A4DAEC210834E200787B50 /* Build configuration list for PBXNativeTarget "Expenses" */ = {
			isa = XCConfigurationList;
			buildConfigurations = (
				95A4DAED210834E200787B50 /* Debug */,
				95A4DAEE210834E200787B50 /* Release */,
			);
			defaultConfigurationIsVisible = 0;
			defaultConfigurationName = Release;
		};
		95A4DAEF210834E200787B50 /* Build configuration list for PBXNativeTarget "ExpensesTests" */ = {
			isa = XCConfigurationList;
			buildConfigurations = (
				95A4DAF0210834E200787B50 /* Debug */,
				95A4DAF1210834E200787B50 /* Release */,
			);
			defaultConfigurationIsVisible = 0;
			defaultConfigurationName = Release;
		};
/* End XCConfigurationList section */
	};
	rootObject = 95A4DAC7210834DF00787B50 /* Project object */;
}
